
Microsoft Visual Studio Solution File, Format Version 12.00
# Visual Studio Version 17
VisualStudioVersion = 17.10.35122.118
MinimumVisualStudioVersion = 10.0.40219.1
Project("{F184B08F-C81C-45F6-A57F-5ABD9991F28F}") = "vehicle_parking_desktop_app", "vehicle_parking_desktop_app.vbproj", "{1202E5F8-7906-4EF8-ABE7-71CD0BF79F02}"
EndProject
Global
	GlobalSection(SolutionConfigurationPlatforms) = preSolution
		Debug|Any CPU = Debug|Any CPU
		Release|Any CPU = Release|Any CPU
	EndGlobalSection
	GlobalSection(ProjectConfigurationPlatforms) = postSolution
		{1202E5F8-7906-4EF8-ABE7-71CD0BF79F02}.Debug|Any CPU.ActiveCfg = Debug|Any CPU
		{1202E5F8-7906-4EF8-ABE7-71CD0BF79F02}.Debug|Any CPU.Build.0 = Debug|Any CPU
		{1202E5F8-7906-4EF8-ABE7-71CD0BF79F02}.Release|Any CPU.ActiveCfg = Release|Any CPU
		{1202E5F8-7906-4EF8-ABE7-71CD0BF79F02}.Release|Any CPU.Build.0 = Release|Any CPU
	EndGlobalSection
	GlobalSection(SolutionProperties) = preSolution
		HideSolutionNode = FALSE
	EndGlobalSection
	GlobalSection(ExtensibilityGlobals) = postSolution
		SolutionGuid = {50B76875-1BBE-4AAC-B6DF-51DEA78876D7}
	EndGlobalSection
EndGlobal
